
Microsoft Visual Studio Solution File, Format Version 12.00
# Visual Studio Version 16
VisualStudioVersion = 16.0.29123.88
MinimumVisualStudioVersion = 10.0.40219.1
Project("{FAE04EC0-301F-11D3-BF4B-00C04F79EFBC}") = "1_Cafe", "1_Cafe\1_Cafe.csproj", "{7E364657-01B2-444E-B25C-79A60AF0EE11}"
EndProject
Project("{FAE04EC0-301F-11D3-BF4B-00C04F79EFBC}") = "2_Claim", "2_Claim\2_Claim.csproj", "{0717CE0B-827B-4BE0-8C86-87F64272C8DE}"
EndProject
Project("{FAE04EC0-301F-11D3-BF4B-00C04F79EFBC}") = "3_Badge", "3_Badge\3_Badge.csproj", "{2A3BD524-A846-4494-982C-18DF58BA01E5}"
EndProject
Global
	GlobalSection(SolutionConfigurationPlatforms) = preSolution
		Debug|Any CPU = Debug|Any CPU
		Release|Any CPU = Release|Any CPU
	EndGlobalSection
	GlobalSection(ProjectConfigurationPlatforms) = postSolution
		{7E364657-01B2-444E-B25C-79A60AF0EE11}.Debug|Any CPU.ActiveCfg = Debug|Any CPU
		{7E364657-01B2-444E-B25C-79A60AF0EE11}.Debug|Any CPU.Build.0 = Debug|Any CPU
		{7E364657-01B2-444E-B25C-79A60AF0EE11}.Release|Any CPU.ActiveCfg = Release|Any CPU
		{7E364657-01B2-444E-B25C-79A60AF0EE11}.Release|Any CPU.Build.0 = Release|Any CPU
		{0717CE0B-827B-4BE0-8C86-87F64272C8DE}.Debug|Any CPU.ActiveCfg = Debug|Any CPU
		{0717CE0B-827B-4BE0-8C86-87F64272C8DE}.Debug|Any CPU.Build.0 = Debug|Any CPU
		{0717CE0B-827B-4BE0-8C86-87F64272C8DE}.Release|Any CPU.ActiveCfg = Release|Any CPU
		{0717CE0B-827B-4BE0-8C86-87F64272C8DE}.Release|Any CPU.Build.0 = Release|Any CPU
		{2A3BD524-A846-4494-982C-18DF58BA01E5}.Debug|Any CPU.ActiveCfg = Debug|Any CPU
		{2A3BD524-A846-4494-982C-18DF58BA01E5}.Debug|Any CPU.Build.0 = Debug|Any CPU
		{2A3BD524-A846-4494-982C-18DF58BA01E5}.Release|Any CPU.ActiveCfg = Release|Any CPU
		{2A3BD524-A846-4494-982C-18DF58BA01E5}.Release|Any CPU.Build.0 = Release|Any CPU
	EndGlobalSection
	GlobalSection(SolutionProperties) = preSolution
		HideSolutionNode = FALSE
	EndGlobalSection
	GlobalSection(ExtensibilityGlobals) = postSolution
		SolutionGuid = {54886686-FDF4-4FC6-B625-AA421EA87CC9}
	EndGlobalSection
EndGlobal
